Microsoft Visual Studio Solution File, Format Version 12.00
# Visual Studio Version 17
VisualStudioVersion = 17.5.2.0
MinimumVisualStudioVersion = 10.0.40219.1
Project("{FAE04EC0-301F-11D3-BF4B-00C04F79EFBC}") = "ShotgunGame", "ShotgunGame.csproj", "{CEAD0F2F-1652-0C7B-BA65-399550DB202A}"
EndProject
Global
	GlobalSection(SolutionConfigurationPlatforms) = preSolution
		Debug|Any CPU = Debug|Any CPU
		Release|Any CPU = Release|Any CPU
	EndGlobalSection
	GlobalSection(ProjectConfigurationPlatforms) = postSolution
		{CEAD0F2F-1652-0C7B-BA65-399550DB202A}.Debug|Any CPU.ActiveCfg = Debug|Any CPU
		{CEAD0F2F-1652-0C7B-BA65-399550DB202A}.Debug|Any CPU.Build.0 = Debug|Any CPU
		{CEAD0F2F-1652-0C7B-BA65-399550DB202A}.Release|Any CPU.ActiveCfg = Release|Any CPU
		{CEAD0F2F-1652-0C7B-BA65-399550DB202A}.Release|Any CPU.Build.0 = Release|Any CPU
	EndGlobalSection
	GlobalSection(SolutionProperties) = preSolution
		HideSolutionNode = FALSE
	EndGlobalSection
	GlobalSection(ExtensibilityGlobals) = postSolution
		SolutionGuid = {4C66CEC2-EF33-4B49-AB29-00A18BCCB485}
	EndGlobalSection
EndGlobal
